
Microsoft Visual Studio Solution File, Format Version 12.00
# Visual Studio Version 17
VisualStudioVersion = 17.5.33502.453
MinimumVisualStudioVersion = 10.0.40219.1
Project("{FAE04EC0-301F-11D3-BF4B-00C04F79EFBC}") = "Lab_1", "Lab_1\Lab_1.csproj", "{4F805211-2182-448B-8B96-A6B95C80AAAF}"
EndProject
Global
	GlobalSection(SolutionConfigurationPlatforms) = preSolution
		Debug|Any CPU = Debug|Any CPU
		Release|Any CPU = Release|Any CPU
	EndGlobalSection
	GlobalSection(ProjectConfigurationPlatforms) = postSolution
		{4F805211-2182-448B-8B96-A6B95C80AAAF}.Debug|Any CPU.ActiveCfg = Debug|Any CPU
		{4F805211-2182-448B-8B96-A6B95C80AAAF}.Debug|Any CPU.Build.0 = Debug|Any CPU
		{4F805211-2182-448B-8B96-A6B95C80AAAF}.Release|Any CPU.ActiveCfg = Release|Any CPU
		{4F805211-2182-448B-8B96-A6B95C80AAAF}.Release|Any CPU.Build.0 = Release|Any CPU
	EndGlobalSection
	GlobalSection(SolutionProperties) = preSolution
		HideSolutionNode = FALSE
	EndGlobalSection
	GlobalSection(ExtensibilityGlobals) = postSolution
		SolutionGuid = {A10AFD7E-CE09-4358-AC8A-68DA04847A6F}
	EndGlobalSection
EndGlobal
